// !$*UTF8*$!
{
	archiveVersion = 1;
	classes = {
	};
	objectVersion = 46;
	objects = {

/* Begin PBXBuildFile section */
		696181F718F18FC900BB5FA6 /* Foundation.framework in Frameworks */ = {isa = PBXBuildFile; fileRef = 696181F618F18FC900BB5FA6 /* Foundation.framework */; };
		696181F918F18FC900BB5FA6 /* CoreGraphics.framework in Frameworks */ = {isa = PBXBuildFile; fileRef = 696181F818F18FC900BB5FA6 /* CoreGraphics.framework */; };
		696181FB18F18FC900BB5FA6 /* UIKit.framework in Frameworks */ = {isa = PBXBuildFile; fileRef = 696181FA18F18FC900BB5FA6 /* UIKit.framework */; };
		6961820118F18FC900BB5FA6 /* InfoPlist.strings in Resources */ = {isa = PBXBuildFile; fileRef = 696181FF18F18FC900BB5FA6 /* InfoPlist.strings */; };
		6961820318F18FC900BB5FA6 /* main.m in Sources */ = {isa = PBXBuildFile; fileRef = 6961820218F18FC900BB5FA6 /* main.m */; };
		6961820718F18FC900BB5FA6 /* AppDelegate.m in Sources */ = {isa = PBXBuildFile; fileRef = 6961820618F18FC900BB5FA6 /* AppDelegate.m */; };
		6961820A18F18FC900BB5FA6 /* Main_iPhone.storyboard in Resources */ = {isa = PBXBuildFile; fileRef = 6961820818F18FC900BB5FA6 /* Main_iPhone.storyboard */; };
		6961820D18F18FC900BB5FA6 /* Main_iPad.storyboard in Resources */ = {isa = PBXBuildFile; fileRef = 6961820B18F18FC900BB5FA6 /* Main_iPad.storyboard */; };
		6961821218F18FC900BB5FA6 /* Images.xcassets in Resources */ = {isa = PBXBuildFile; fileRef = 6961821118F18FC900BB5FA6 /* Images.xcassets */; };
		6961821918F18FC900BB5FA6 /* XCTest.framework in Frameworks */ = {isa = PBXBuildFile; fileRef = 6961821818F18FC900BB5FA6 /* XCTest.framework */; };
		6961821A18F18FC900BB5FA6 /* Foundation.framework in Frameworks */ = {isa = PBXBuildFile; fileRef = 696181F618F18FC900BB5FA6 /* Foundation.framework */; };
		6961821B18F18FC900BB5FA6 /* UIKit.framework in Frameworks */ = {isa = PBXBuildFile; fileRef = 696181FA18F18FC900BB5FA6 /* UIKit.framework */; };
		6961822318F18FC900BB5FA6 /* InfoPlist.strings in Resources */ = {isa = PBXBuildFile; fileRef = 6961822118F18FC900BB5FA6 /* InfoPlist.strings */; };
		6961822518F18FC900BB5FA6 /* MyWeatherTests.m in Sources */ = {isa = PBXBuildFile; fileRef = 6961822418F18FC900BB5FA6 /* MyWeatherTests.m */; };
		6961822F18F190BD00BB5FA6 /* readme.txt in Resources */ = {isa = PBXBuildFile; fileRef = 6961822E18F190BD00BB5FA6 /* readme.txt */; };
		6961823218F1954500BB5FA6 /* LocationTVC.m in Sources */ = {isa = PBXBuildFile; fileRef = 6961823118F1954500BB5FA6 /* LocationTVC.m */; };
		6961823518F1957400BB5FA6 /* LocationDetailVC.m in Sources */ = {isa = PBXBuildFile; fileRef = 6961823418F1957400BB5FA6 /* LocationDetailVC.m */; };
		6961823918F1961E00BB5FA6 /* Location.m in Sources */ = {isa = PBXBuildFile; fileRef = 6961823818F1961E00BB5FA6 /* Location.m */; };
/* End PBXBuildFile section */

/* Begin PBXContainerItemProxy section */
		6961821C18F18FC900BB5FA6 /* PBXContainerItemProxy */ = {
			isa = PBXContainerItemProxy;
			containerPortal = 696181EB18F18FC900BB5FA6 /* Project object */;
			proxyType = 1;
			remoteGlobalIDString = 696181F218F18FC900BB5FA6;
			remoteInfo = MyWeather;
		};
/* End PBXContainerItemProxy section */

/* Begin PBXFileReference section */
		696181F318F18FC900BB5FA6 /* MyWeather.app */ = {isa = PBXFileReference; explicitFileType = wrapper.application; includeInIndex = 0; path = MyWeather.app; sourceTree = BUILT_PRODUCTS_DIR; };
		696181F618F18FC900BB5FA6 /* Foundation.framework */ = {isa = PBXFileReference; lastKnownFileType = wrapper.framework; name = Foundation.framework; path = System/Library/Frameworks/Foundation.framework; sourceTree = SDKROOT; };
		696181F818F18FC900BB5FA6 /* CoreGraphics.framework */ = {isa = PBXFileReference; lastKnownFileType = wrapper.framework; name = CoreGraphics.framework; path = System/Library/Frameworks/CoreGraphics.framework; sourceTree = SDKROOT; };
		696181FA18F18FC900BB5FA6 /* UIKit.framework */ = {isa = PBXFileReference; lastKnownFileType = wrapper.framework; name = UIKit.framework; path = System/Library/Frameworks/UIKit.framework; sourceTree = SDKROOT; };
		696181FE18F18FC900BB5FA6 /* MyWeather-Info.plist */ = {isa = PBXFileReference; lastKnownFileType = text.plist.xml; path = "MyWeather-Info.plist"; sourceTree = "<group>"; };
		6961820018F18FC900BB5FA6 /* en */ = {isa = PBXFileReference; lastKnownFileType = text.plist.strings; name = en; path = en.lproj/InfoPlist.strings; sourceTree = "<group>"; };
		6961820218F18FC900BB5FA6 /* main.m */ = {isa = PBXFileReference; lastKnownFileType = sourcecode.c.objc; path = main.m; sourceTree = "<group>"; };
		6961820418F18FC900BB5FA6 /* MyWeather-Prefix.pch */ = {isa = PBXFileReference; lastKnownFileType = sourcecode.c.h; path = "MyWeather-Prefix.pch"; sourceTree = "<group>"; };
		6961820518F18FC900BB5FA6 /* AppDelegate.h */ = {isa = PBXFileReference; lastKnownFileType = sourcecode.c.h; path = AppDelegate.h; sourceTree = "<group>"; };
		6961820618F18FC900BB5FA6 /* AppDelegate.m */ = {isa = PBXFileReference; lastKnownFileType = sourcecode.c.objc; path = AppDelegate.m; sourceTree = "<group>"; };
		6961820918F18FC900BB5FA6 /* Base */ = {isa = PBXFileReference; lastKnownFileType = file.storyboard; name = Base; path = Base.lproj/Main_iPhone.storyboard; sourceTree = "<group>"; };
		6961820C18F18FC900BB5FA6 /* Base */ = {isa = PBXFileReference; lastKnownFileType = file.storyboard; name = Base; path = Base.lproj/Main_iPad.storyboard; sourceTree = "<group>"; };
		6961821118F18FC900BB5FA6 /* Images.xcassets */ = {isa = PBXFileReference; lastKnownFileType = folder.assetcatalog; path = Images.xcassets; sourceTree = "<group>"; };
		6961821718F18FC900BB5FA6 /* MyWeatherTests.xctest */ = {isa = PBXFileReference; explicitFileType = wrapper.cfbundle; includeInIndex = 0; path = MyWeatherTests.xctest; sourceTree = BUILT_PRODUCTS_DIR; };
		6961821818F18FC900BB5FA6 /* XCTest.framework */ = {isa = PBXFileReference; lastKnownFileType = wrapper.framework; name = XCTest.framework; path = Library/Frameworks/XCTest.framework; sourceTree = DEVELOPER_DIR; };
		6961822018F18FC900BB5FA6 /* MyWeatherTests-Info.plist */ = {isa = PBXFileReference; lastKnownFileType = text.plist.xml; path = "MyWeatherTests-Info.plist"; sourceTree = "<group>"; };
		6961822218F18FC900BB5FA6 /* en */ = {isa = PBXFileReference; lastKnownFileType = text.plist.strings; name = en; path = en.lproj/InfoPlist.strings; sourceTree = "<group>"; };
		6961822418F18FC900BB5FA6 /* MyWeatherTests.m */ = {isa = PBXFileReference; lastKnownFileType = sourcecode.c.objc; path = MyWeatherTests.m; sourceTree = "<group>"; };
		6961822E18F190BD00BB5FA6 /* readme.txt */ = {isa = PBXFileReference; fileEncoding = 4; lastKnownFileType = text; path = readme.txt; sourceTree = "<group>"; };
		6961823018F1954500BB5FA6 /* LocationTVC.h */ = {isa = PBXFileReference; fileEncoding = 4; lastKnownFileType = sourcecode.c.h; path = LocationTVC.h; sourceTree = "<group>"; };
		6961823118F1954500BB5FA6 /* LocationTVC.m */ = {isa = PBXFileReference; fileEncoding = 4; lastKnownFileType = sourcecode.c.objc; path = LocationTVC.m; sourceTree = "<group>"; };
		6961823318F1957400BB5FA6 /* LocationDetailVC.h */ = {isa = PBXFileReference; fileEncoding = 4; lastKnownFileType = sourcecode.c.h; path = LocationDetailVC.h; sourceTree = "<group>"; };
		6961823418F1957400BB5FA6 /* LocationDetailVC.m */ = {isa = PBXFileReference; fileEncoding = 4; lastKnownFileType = sourcecode.c.objc; path = LocationDetailVC.m; sourceTree = "<group>"; };
		6961823718F1961E00BB5FA6 /* Location.h */ = {isa = PBXFileReference; fileEncoding = 4; lastKnownFileType = sourcecode.c.h; path = Location.h; sourceTree = "<group>"; };
		6961823818F1961E00BB5FA6 /* Location.m */ = {isa = PBXFileReference; fileEncoding = 4; lastKnownFileType = sourcecode.c.objc; path = Location.m; sourceTree = "<group>"; };
/* End PBXFileReference section */

/* Begin PBXFrameworksBuildPhase section */
		696181F018F18FC900BB5FA6 /* Frameworks */ = {
			isa = PBXFrameworksBuildPhase;
			buildActionMask = 2147483647;
			files = (
				696181F918F18FC900BB5FA6 /* CoreGraphics.framework in Frameworks */,
				696181FB18F18FC900BB5FA6 /* UIKit.framework in Frameworks */,
				696181F718F18FC900BB5FA6 /* Foundation.framework in Frameworks */,
			);
			runOnlyForDeploymentPostprocessing = 0;
		};
		6961821418F18FC900BB5FA6 /* Frameworks */ = {
			isa = PBXFrameworksBuildPhase;
			buildActionMask = 2147483647;
			files = (
				6961821918F18FC900BB5FA6 /* XCTest.framework in Frameworks */,
				6961821B18F18FC900BB5FA6 /* UIKit.framework in Frameworks */,
				6961821A18F18FC900BB5FA6 /* Foundation.framework in Frameworks */,
			);
			runOnlyForDeploymentPostprocessing = 0;
		};
/* End PBXFrameworksBuildPhase section */

/* Begin PBXGroup section */
		696181EA18F18FC900BB5FA6 = {
			isa = PBXGroup;
			children = (
				6961822E18F190BD00BB5FA6 /* readme.txt */,
				696181FC18F18FC900BB5FA6 /* MyWeather */,
				6961821E18F18FC900BB5FA6 /* MyWeatherTests */,
				696181F518F18FC900BB5FA6 /* Frameworks */,
				696181F418F18FC900BB5FA6 /* Products */,
			);
			sourceTree = "<group>";
		};
		696181F418F18FC900BB5FA6 /* Products */ = {
			isa = PBXGroup;
			children = (
				696181F318F18FC900BB5FA6 /* MyWeather.app */,
				6961821718F18FC900BB5FA6 /* MyWeatherTests.xctest */,
			);
			name = Products;
			sourceTree = "<group>";
		};
		696181F518F18FC900BB5FA6 /* Frameworks */ = {
			isa = PBXGroup;
			children = (
				696181F618F18FC900BB5FA6 /* Foundation.framework */,
				696181F818F18FC900BB5FA6 /* CoreGraphics.framework */,
				696181FA18F18FC900BB5FA6 /* UIKit.framework */,
				6961821818F18FC900BB5FA6 /* XCTest.framework */,
			);
			name = Frameworks;
			sourceTree = "<group>";
		};
		696181FC18F18FC900BB5FA6 /* MyWeather */ = {
			isa = PBXGroup;
			children = (
				6961820818F18FC900BB5FA6 /* Main_iPhone.storyboard */,
				6961820B18F18FC900BB5FA6 /* Main_iPad.storyboard */,
				6961823618F1958C00BB5FA6 /* Controller */,
				6961823A18F1962900BB5FA6 /* Model */,
				6961821118F18FC900BB5FA6 /* Images.xcassets */,
				696181FD18F18FC900BB5FA6 /* Supporting Files */,
			);
			path = MyWeather;
			sourceTree = "<group>";
		};
		696181FD18F18FC900BB5FA6 /* Supporting Files */ = {
			isa = PBXGroup;
			children = (
				6961820518F18FC900BB5FA6 /* AppDelegate.h */,
				6961820618F18FC900BB5FA6 /* AppDelegate.m */,
				696181FE18F18FC900BB5FA6 /* MyWeather-Info.plist */,
				696181FF18F18FC900BB5FA6 /* InfoPlist.strings */,
				6961820218F18FC900BB5FA6 /* main.m */,
				6961820418F18FC900BB5FA6 /* MyWeather-Prefix.pch */,
			);
			name = "Supporting Files";
			sourceTree = "<group>";
		};
		6961821E18F18FC900BB5FA6 /* MyWeatherTests */ = {
			isa = PBXGroup;
			children = (
				6961822418F18FC900BB5FA6 /* MyWeatherTests.m */,
				6961821F18F18FC900BB5FA6 /* Supporting Files */,
			);
			path = MyWeatherTests;
			sourceTree = "<group>";
		};
		6961821F18F18FC900BB5FA6 /* Supporting Files */ = {
			isa = PBXGroup;
			children = (
				6961822018F18FC900BB5FA6 /* MyWeatherTests-Info.plist */,
				6961822118F18FC900BB5FA6 /* InfoPlist.strings */,
			);
			name = "Supporting Files";
			sourceTree = "<group>";
		};
		6961823618F1958C00BB5FA6 /* Controller */ = {
			isa = PBXGroup;
			children = (
				6961823018F1954500BB5FA6 /* LocationTVC.h */,
				6961823118F1954500BB5FA6 /* LocationTVC.m */,
				6961823318F1957400BB5FA6 /* LocationDetailVC.h */,
				6961823418F1957400BB5FA6 /* LocationDetailVC.m */,
			);
			name = Controller;
			path = ..;
			sourceTree = "<group>";
		};
		6961823A18F1962900BB5FA6 /* Model */ = {
			isa = PBXGroup;
			children = (
				6961823718F1961E00BB5FA6 /* Location.h */,
				6961823818F1961E00BB5FA6 /* Location.m */,
			);
			name = Model;
			sourceTree = "<group>";
		};
/* End PBXGroup section */

/* Begin PBXNativeTarget section */
		696181F218F18FC900BB5FA6 /* MyWeather */ = {
			isa = PBXNativeTarget;
			buildConfigurationList = 6961822818F18FC900BB5FA6 /* Build configuration list for PBXNativeTarget "MyWeather" */;
			buildPhases = (
				696181EF18F18FC900BB5FA6 /* Sources */,
				696181F018F18FC900BB5FA6 /* Frameworks */,
				696181F118F18FC900BB5FA6 /* Resources */,
			);
			buildRules = (
			);
			dependencies = (
			);
			name = MyWeather;
			productName = MyWeather;
			productReference = 696181F318F18FC900BB5FA6 /* MyWeather.app */;
			productType = "com.apple.product-type.application";
		};
		6961821618F18FC900BB5FA6 /* MyWeatherTests */ = {
			isa = PBXNativeTarget;
			buildConfigurationList = 6961822B18F18FC900BB5FA6 /* Build configuration list for PBXNativeTarget "MyWeatherTests" */;
			buildPhases = (
				6961821318F18FC900BB5FA6 /* Sources */,
				6961821418F18FC900BB5FA6 /* Frameworks */,
				6961821518F18FC900BB5FA6 /* Resources */,
			);
			buildRules = (
			);
			dependencies = (
				6961821D18F18FC900BB5FA6 /* PBXTargetDependency */,
			);
			name = MyWeatherTests;
			productName = MyWeatherTests;
			productReference = 6961821718F18FC900BB5FA6 /* MyWeatherTests.xctest */;
			productType = "com.apple.product-type.bundle.unit-test";
		};
/* End PBXNativeTarget section */

/* Begin PBXProject section */
		696181EB18F18FC900BB5FA6 /* Project object */ = {
			isa = PBXProject;
			attributes = {
				LastUpgradeCheck = 0510;
				ORGANIZATIONNAME = jay;
				TargetAttributes = {
					6961821618F18FC900BB5FA6 = {
						TestTargetID = 696181F218F18FC900BB5FA6;
					};
				};
			};
			buildConfigurationList = 696181EE18F18FC900BB5FA6 /* Build configuration list for PBXProject "MyWeather" */;
			compatibilityVersion = "Xcode 3.2";
			developmentRegion = English;
			hasScannedForEncodings = 0;
			knownRegions = (
				en,
				Base,
			);
			mainGroup = 696181EA18F18FC900BB5FA6;
			productRefGroup = 696181F418F18FC900BB5FA6 /* Products */;
			projectDirPath = "";
			projectRoot = "";
			targets = (
				696181F218F18FC900BB5FA6 /* MyWeather */,
				6961821618F18FC900BB5FA6 /* MyWeatherTests */,
			);
		};
/* End PBXProject section */

/* Begin PBXResourcesBuildPhase section */
		696181F118F18FC900BB5FA6 /* Resources */ = {
			isa = PBXResourcesBuildPhase;
			buildActionMask = 2147483647;
			files = (
				6961822F18F190BD00BB5FA6 /* readme.txt in Resources */,
				6961820D18F18FC900BB5FA6 /* Main_iPad.storyboard in Resources */,
				6961821218F18FC900BB5FA6 /* Images.xcassets in Resources */,
				6961820A18F18FC900BB5FA6 /* Main_iPhone.storyboard in Resources */,
				6961820118F18FC900BB5FA6 /* InfoPlist.strings in Resources */,
			);
			runOnlyForDeploymentPostprocessing = 0;
		};
		6961821518F18FC900BB5FA6 /* Resources */ = {
			isa = PBXResourcesBuildPhase;
			buildActionMask = 2147483647;
			files = (
				6961822318F18FC900BB5FA6 /* InfoPlist.strings in Resources */,
			);
			runOnlyForDeploymentPostprocessing = 0;
		};
/* End PBXResourcesBuildPhase section */

/* Begin PBXSourcesBuildPhase section */
		696181EF18F18FC900BB5FA6 /* Sources */ = {
			isa = PBXSourcesBuildPhase;
			buildActionMask = 2147483647;
			files = (
				6961820718F18FC900BB5FA6 /* AppDelegate.m in Sources */,
				6961823918F1961E00BB5FA6 /* Location.m in Sources */,
				6961823218F1954500BB5FA6 /* LocationTVC.m in Sources */,
				6961820318F18FC900BB5FA6 /* main.m in Sources */,
				6961823518F1957400BB5FA6 /* LocationDetailVC.m in Sources */,
			);
			runOnlyForDeploymentPostprocessing = 0;
		};
		6961821318F18FC900BB5FA6 /* Sources */ = {
			isa = PBXSourcesBuildPhase;
			buildActionMask = 2147483647;
			files = (
				6961822518F18FC900BB5FA6 /* MyWeatherTests.m in Sources */,
			);
			runOnlyForDeploymentPostprocessing = 0;
		};
/* End PBXSourcesBuildPhase section */

/* Begin PBXTargetDependency section */
		6961821D18F18FC900BB5FA6 /* PBXTargetDependency */ = {
			isa = PBXTargetDependency;
			target = 696181F218F18FC900BB5FA6 /* MyWeather */;
			targetProxy = 6961821C18F18FC900BB5FA6 /* PBXContainerItemProxy */;
		};
/* End PBXTargetDependency section */

/* Begin PBXVariantGroup section */
		696181FF18F18FC900BB5FA6 /* InfoPlist.strings */ = {
			isa = PBXVariantGroup;
			children = (
				6961820018F18FC900BB5FA6 /* en */,
			);
			name = InfoPlist.strings;
			sourceTree = "<group>";
		};
		6961820818F18FC900BB5FA6 /* Main_iPhone.storyboard */ = {
			isa = PBXVariantGroup;
			children = (
				6961820918F18FC900BB5FA6 /* Base */,
			);
			name = Main_iPhone.storyboard;
			sourceTree = "<group>";
		};
		6961820B18F18FC900BB5FA6 /* Main_iPad.storyboard */ = {
			isa = PBXVariantGroup;
			children = (
				6961820C18F18FC900BB5FA6 /* Base */,
			);
			name = Main_iPad.storyboard;
			sourceTree = "<group>";
		};
		6961822118F18FC900BB5FA6 /* InfoPlist.strings */ = {
			isa = PBXVariantGroup;
			children = (
				6961822218F18FC900BB5FA6 /* en */,
			);
			name = InfoPlist.strings;
			sourceTree = "<group>";
		};
/* End PBXVariantGroup section */

/* Begin XCBuildConfiguration section */
		6961822618F18FC900BB5FA6 /* Debug */ = {
			isa = XCBuildConfiguration;
			buildSettings = {
				ALWAYS_SEARCH_USER_PATHS = NO;
				CLANG_CXX_LANGUAGE_STANDARD = "gnu++0x";
				CLANG_CXX_LIBRARY = "libc++";
				CLANG_ENABLE_MODULES = YES;
				CLANG_ENABLE_OBJC_ARC = YES;
				CLANG_WARN_BOOL_CONVERSION = YES;
				CLANG_WARN_CONSTANT_CONVERSION = YES;
				CLANG_WARN_DIRECT_OBJC_ISA_USAGE = YES_ERROR;
				CLANG_WARN_EMPTY_BODY = YES;
				CLANG_WARN_ENUM_CONVERSION = YES;
				CLANG_WARN_INT_CONVERSION = YES;
				CLANG_WARN_OBJC_ROOT_CLASS = YES_ERROR;
				CLANG_WARN__DUPLICATE_METHOD_MATCH = YES;
				"CODE_SIGN_IDENTITY[sdk=iphoneos*]" = "iPhone Developer";
				COPY_PHASE_STRIP = NO;
				GCC_C_LANGUAGE_STANDARD = gnu99;
				GCC_DYNAMIC_NO_PIC = NO;
				GCC_OPTIMIZATION_LEVEL = 0;
				GCC_PREPROCESSOR_DEFINITIONS = (
					"DEBUG=1",
					"$(inherited)",
				);
				GCC_SYMBOLS_PRIVATE_EXTERN = NO;
				GCC_WARN_64_TO_32_BIT_CONVERSION = YES;
				GCC_WARN_ABOUT_RETURN_TYPE = YES_ERROR;
				GCC_WARN_UNDECLARED_SELECTOR = YES;
				GCC_WARN_UNINITIALIZED_AUTOS = YES_AGGRESSIVE;
				GCC_WARN_UNUSED_FUNCTION = YES;
				GCC_WARN_UNUSED_VARIABLE = YES;
				IPHONEOS_DEPLOYMENT_TARGET = 7.1;
				ONLY_ACTIVE_ARCH = YES;
				SDKROOT = iphoneos;
				TARGETED_DEVICE_FAMILY = "1,2";
			};
			name = Debug;
		};
		6961822718F18FC900BB5FA6 /* Release */ = {
			isa = XCBuildConfiguration;
			buildSettings = {
				ALWAYS_SEARCH_USER_PATHS = NO;
				CLANG_CXX_LANGUAGE_STANDARD = "gnu++0x";
				CLANG_CXX_LIBRARY = "libc++";
				CLANG_ENABLE_MODULES = YES;
				CLANG_ENABLE_OBJC_ARC = YES;
				CLANG_WARN_BOOL_CONVERSION = YES;
				CLANG_WARN_CONSTANT_CONVERSION = YES;
				CLANG_WARN_DIRECT_OBJC_ISA_USAGE = YES_ERROR;
				CLANG_WARN_EMPTY_BODY = YES;
				CLANG_WARN_ENUM_CONVERSION = YES;
				CLANG_WARN_INT_CONVERSION = YES;
				CLANG_WARN_OBJC_ROOT_CLASS = YES_ERROR;
				CLANG_WARN__DUPLICATE_METHOD_MATCH = YES;
				"CODE_SIGN_IDENTITY[sdk=iphoneos*]" = "iPhone Developer";
				COPY_PHASE_STRIP = YES;
				ENABLE_NS_ASSERTIONS = NO;
				GCC_C_LANGUAGE_STANDARD = gnu99;
				GCC_WARN_64_TO_32_BIT_CONVERSION = YES;
				GCC_WARN_ABOUT_RETURN_TYPE = YES_ERROR;
				GCC_WARN_UNDECLARED_SELECTOR = YES;
				GCC_WARN_UNINITIALIZED_AUTOS = YES_AGGRESSIVE;
				GCC_WARN_UNUSED_FUNCTION = YES;
				GCC_WARN_UNUSED_VARIABLE = YES;
				IPHONEOS_DEPLOYMENT_TARGET = 7.1;
				SDKROOT = iphoneos;
				TARGETED_DEVICE_FAMILY = "1,2";
				VALIDATE_PRODUCT = YES;
			};
			name = Release;
		};
		6961822918F18FC900BB5FA6 /* Debug */ = {
			isa = XCBuildConfiguration;
			buildSettings = {
				ASSETCATALOG_COMPILER_APPICON_NAME = AppIcon;
				ASSETCATALOG_COMPILER_LAUNCHIMAGE_NAME = LaunchImage;
				GCC_PRECOMPILE_PREFIX_HEADER = YES;
				GCC_PREFIX_HEADER = "MyWeather/MyWeather-Prefix.pch";
				INFOPLIST_FILE = "MyWeather/MyWeather-Info.plist";
				PRODUCT_NAME = "$(TARGET_NAME)";
				WRAPPER_EXTENSION = app;
			};
			name = Debug;
		};
		6961822A18F18FC900BB5FA6 /* Release */ = {
			isa = XCBuildConfiguration;
			buildSettings = {
				ASSETCATALOG_COMPILER_APPICON_NAME = AppIcon;
				ASSETCATALOG_COMPILER_LAUNCHIMAGE_NAME = LaunchImage;
				GCC_PRECOMPILE_PREFIX_HEADER = YES;
				GCC_PREFIX_HEADER = "MyWeather/MyWeather-Prefix.pch";
				INFOPLIST_FILE = "MyWeather/MyWeather-Info.plist";
				PRODUCT_NAME = "$(TARGET_NAME)";
				WRAPPER_EXTENSION = app;
			};
			name = Release;
		};
		6961822C18F18FC900BB5FA6 /* Debug */ = {
			isa = XCBuildConfiguration;
			buildSettings = {
				BUNDLE_LOADER = "$(BUILT_PRODUCTS_DIR)/MyWeather.app/MyWeather";
				FRAMEWORK_SEARCH_PATHS = (
					"$(SDKROOT)/Developer/Library/Frameworks",
					"$(inherited)",
					"$(DEVELOPER_FRAMEWORKS_DIR)",
				);
				GCC_PRECOMPILE_PREFIX_HEADER = YES;
				GCC_PREFIX_HEADER = "MyWeather/MyWeather-Prefix.pch";
				GCC_PREPROCESSOR_DEFINITIONS = (
					"DEBUG=1",
					"$(inherited)",
				);
				INFOPLIST_FILE = "MyWeatherTests/MyWeatherTests-Info.plist";
				PRODUCT_NAME = "$(TARGET_NAME)";
				TEST_HOST = "$(BUNDLE_LOADER)";
				WRAPPER_EXTENSION = xctest;
			};
			name = Debug;
		};
		6961822D18F18FC900BB5FA6 /* Release */ = {
			isa = XCBuildConfiguration;
			buildSettings = {
				BUNDLE_LOADER = "$(BUILT_PRODUCTS_DIR)/MyWeather.app/MyWeather";
				FRAMEWORK_SEARCH_PATHS = (
					"$(SDKROOT)/Developer/Library/Frameworks",
					"$(inherited)",
					"$(DEVELOPER_FRAMEWORKS_DIR)",
				);
				GCC_PRECOMPILE_PREFIX_HEADER = YES;
				GCC_PREFIX_HEADER = "MyWeather/MyWeather-Prefix.pch";
				INFOPLIST_FILE = "MyWeatherTests/MyWeatherTests-Info.plist";
				PRODUCT_NAME = "$(TARGET_NAME)";
				TEST_HOST = "$(BUNDLE_LOADER)";
				WRAPPER_EXTENSION = xctest;
			};
			name = Release;
		};
/* End XCBuildConfiguration section */

/* Begin XCConfigurationList section */
		696181EE18F18FC900BB5FA6 /* Build configuration list for PBXProject "MyWeather" */ = {
			isa = XCConfigurationList;
			buildConfigurations = (
				6961822618F18FC900BB5FA6 /* Debug */,
				6961822718F18FC900BB5FA6 /* Release */,
			);
			defaultConfigurationIsVisible = 0;
			defaultConfigurationName = Release;
		};
		6961822818F18FC900BB5FA6 /* Build configuration list for PBXNativeTarget "MyWeather" */ = {
			isa = XCConfigurationList;
			buildConfigurations = (
				6961822918F18FC900BB5FA6 /* Debug */,
				6961822A18F18FC900BB5FA6 /* Release */,
			);
			defaultConfigurationIsVisible = 0;
		};
		6961822B18F18FC900BB5FA6 /* Build configuration list for PBXNativeTarget "MyWeatherTests" */ = {
			isa = XCConfigurationList;
			buildConfigurations = (
				6961822C18F18FC900BB5FA6 /* Debug */,
				6961822D18F18FC900BB5FA6 /* Release */,
			);
			defaultConfigurationIsVisible = 0;
		};
/* End XCConfigurationList section */
	};
	rootObject = 696181EB18F18FC900BB5FA6 /* Project object */;
}
